
Microsoft Visual Studio Solution File, Format Version 12.00
# Visual Studio 15
VisualStudioVersion = 15.0.26124.0
MinimumVisualStudioVersion = 15.0.26124.0
Project("{2150E333-8FDC-42A3-9474-1A3956D46DE8}") = "src", "src", "{DB9B1300-4BA3-4D85-A395-5624304929C2}"
EndProject
Project("{FAE04EC0-301F-11D3-BF4B-00C04F79EFBC}") = "Shambala", "src\Shambala\Shambala.csproj", "{8904A8F4-2FB0-4033-AFE2-275515E38DF5}"
EndProject
Project("{FAE04EC0-301F-11D3-BF4B-00C04F79EFBC}") = "Shambala.Core", "src\Shambala.Core\Shambala.Core.csproj", "{F8F491F0-8BFC-4E94-86ED-29D1C6E3A153}"
EndProject
Project("{FAE04EC0-301F-11D3-BF4B-00C04F79EFBC}") = "Shambala.Repository", "src\Shambala.Repository\Shambala.Repository.csproj", "{4637D44E-D63C-4C70-948B-863B9A65B301}"
EndProject
Project("{FAE04EC0-301F-11D3-BF4B-00C04F79EFBC}") = "Shambala.Infrastructure", "src\Shambala.Infrastructure\Shambala.Infrastructure.csproj", "{4176915B-F117-4FE8-8249-7AC9960FBFAF}"
EndProject
Project("{FAE04EC0-301F-11D3-BF4B-00C04F79EFBC}") = "Shambala.UnitOfWork", "src\Shambala.UnitOfWork\Shambala.UnitOfWork.csproj", "{FF58B6BC-0698-4001-9ADF-B7364BDA190A}"
EndProject
Project("{FAE04EC0-301F-11D3-BF4B-00C04F79EFBC}") = "Shambala.Domain", "src\Shambala.DOmain\Shambala.Domain.csproj", "{3AC3FA7F-378E-4CB1-A8A2-2FCEAFC74E83}"
EndProject
Project("{2150E333-8FDC-42A3-9474-1A3956D46DE8}") = "test", "test", "{BD978A9F-08EF-4B05-8453-20A03DC89946}"
EndProject
Project("{FAE04EC0-301F-11D3-BF4B-00C04F79EFBC}") = "Shambala.Supervisor.Test", "test\Shambala.Supervisor.Test\Shambala.Supervisor.Test.csproj", "{230E9954-CA55-4738-8BF9-9086A16C37F5}"
EndProject
Project("{2150E333-8FDC-42A3-9474-1A3956D46DE8}") = "sample", "sample", "{BB7152E8-430B-4A7A-ADC8-8FE24606DD8C}"
EndProject
Project("{FAE04EC0-301F-11D3-BF4B-00C04F79EFBC}") = "Shambala.Infrastructure.Test", "sample\Shambala.Infrastructure.Test\Shambala.Infrastructure.Test.csproj", "{FB918FEA-E0AB-41FF-9270-7CFAD39B7EF7}"
EndProject
Global
	GlobalSection(SolutionConfigurationPlatforms) = preSolution
		Debug|Any CPU = Debug|Any CPU
		Debug|x64 = Debug|x64
		Debug|x86 = Debug|x86
		Release|Any CPU = Release|Any CPU
		Release|x64 = Release|x64
		Release|x86 = Release|x86
	EndGlobalSection
	GlobalSection(SolutionProperties) = preSolution
		HideSolutionNode = FALSE
	EndGlobalSection
	GlobalSection(ProjectConfigurationPlatforms) = postSolution
		{8904A8F4-2FB0-4033-AFE2-275515E38DF5}.Debug|Any CPU.ActiveCfg = Debug|Any CPU
		{8904A8F4-2FB0-4033-AFE2-275515E38DF5}.Debug|Any CPU.Build.0 = Debug|Any CPU
		{8904A8F4-2FB0-4033-AFE2-275515E38DF5}.Debug|x64.ActiveCfg = Debug|Any CPU
		{8904A8F4-2FB0-4033-AFE2-275515E38DF5}.Debug|x64.Build.0 = Debug|Any CPU
		{8904A8F4-2FB0-4033-AFE2-275515E38DF5}.Debug|x86.ActiveCfg = Debug|Any CPU
		{8904A8F4-2FB0-4033-AFE2-275515E38DF5}.Debug|x86.Build.0 = Debug|Any CPU
		{8904A8F4-2FB0-4033-AFE2-275515E38DF5}.Release|Any CPU.ActiveCfg = Release|Any CPU
		{8904A8F4-2FB0-4033-AFE2-275515E38DF5}.Release|Any CPU.Build.0 = Release|Any CPU
		{8904A8F4-2FB0-4033-AFE2-275515E38DF5}.Release|x64.ActiveCfg = Release|Any CPU
		{8904A8F4-2FB0-4033-AFE2-275515E38DF5}.Release|x64.Build.0 = Release|Any CPU
		{8904A8F4-2FB0-4033-AFE2-275515E38DF5}.Release|x86.ActiveCfg = Release|Any CPU
		{8904A8F4-2FB0-4033-AFE2-275515E38DF5}.Release|x86.Build.0 = Release|Any CPU
		{F8F491F0-8BFC-4E94-86ED-29D1C6E3A153}.Debug|Any CPU.ActiveCfg = Debug|Any CPU
		{F8F491F0-8BFC-4E94-86ED-29D1C6E3A153}.Debug|Any CPU.Build.0 = Debug|Any CPU
		{F8F491F0-8BFC-4E94-86ED-29D1C6E3A153}.Debug|x64.ActiveCfg = Debug|Any CPU
		{F8F491F0-8BFC-4E94-86ED-29D1C6E3A153}.Debug|x64.Build.0 = Debug|Any CPU
		{F8F491F0-8BFC-4E94-86ED-29D1C6E3A153}.Debug|x86.ActiveCfg = Debug|Any CPU
		{F8F491F0-8BFC-4E94-86ED-29D1C6E3A153}.Debug|x86.Build.0 = Debug|Any CPU
		{F8F491F0-8BFC-4E94-86ED-29D1C6E3A153}.Release|Any CPU.ActiveCfg = Release|Any CPU
		{F8F491F0-8BFC-4E94-86ED-29D1C6E3A153}.Release|Any CPU.Build.0 = Release|Any CPU
		{F8F491F0-8BFC-4E94-86ED-29D1C6E3A153}.Release|x64.ActiveCfg = Release|Any CPU
		{F8F491F0-8BFC-4E94-86ED-29D1C6E3A153}.Release|x64.Build.0 = Release|Any CPU
		{F8F491F0-8BFC-4E94-86ED-29D1C6E3A153}.Release|x86.ActiveCfg = Release|Any CPU
		{F8F491F0-8BFC-4E94-86ED-29D1C6E3A153}.Release|x86.Build.0 = Release|Any CPU
		{4637D44E-D63C-4C70-948B-863B9A65B301}.Debug|Any CPU.ActiveCfg = Debug|Any CPU
		{4637D44E-D63C-4C70-948B-863B9A65B301}.Debug|Any CPU.Build.0 = Debug|Any CPU
		{4637D44E-D63C-4C70-948B-863B9A65B301}.Debug|x64.ActiveCfg = Debug|Any CPU
		{4637D44E-D63C-4C70-948B-863B9A65B301}.Debug|x64.Build.0 = Debug|Any CPU
		{4637D44E-D63C-4C70-948B-863B9A65B301}.Debug|x86.ActiveCfg = Debug|Any CPU
		{4637D44E-D63C-4C70-948B-863B9A65B301}.Debug|x86.Build.0 = Debug|Any CPU
		{4637D44E-D63C-4C70-948B-863B9A65B301}.Release|Any CPU.ActiveCfg = Release|Any CPU
		{4637D44E-D63C-4C70-948B-863B9A65B301}.Release|Any CPU.Build.0 = Release|Any CPU
		{4637D44E-D63C-4C70-948B-863B9A65B301}.Release|x64.ActiveCfg = Release|Any CPU
		{4637D44E-D63C-4C70-948B-863B9A65B301}.Release|x64.Build.0 = Release|Any CPU
		{4637D44E-D63C-4C70-948B-863B9A65B301}.Release|x86.ActiveCfg = Release|Any CPU
		{4637D44E-D63C-4C70-948B-863B9A65B301}.Release|x86.Build.0 = Release|Any CPU
		{4176915B-F117-4FE8-8249-7AC9960FBFAF}.Debug|Any CPU.ActiveCfg = Debug|Any CPU
		{4176915B-F117-4FE8-8249-7AC9960FBFAF}.Debug|Any CPU.Build.0 = Debug|Any CPU
		{4176915B-F117-4FE8-8249-7AC9960FBFAF}.Debug|x64.ActiveCfg = Debug|Any CPU
		{4176915B-F117-4FE8-8249-7AC9960FBFAF}.Debug|x64.Build.0 = Debug|Any CPU
		{4176915B-F117-4FE8-8249-7AC9960FBFAF}.Debug|x86.ActiveCfg = Debug|Any CPU
		{4176915B-F117-4FE8-8249-7AC9960FBFAF}.Debug|x86.Build.0 = Debug|Any CPU
		{4176915B-F117-4FE8-8249-7AC9960FBFAF}.Release|Any CPU.ActiveCfg = Release|Any CPU
		{4176915B-F117-4FE8-8249-7AC9960FBFAF}.Release|Any CPU.Build.0 = Release|Any CPU
		{4176915B-F117-4FE8-8249-7AC9960FBFAF}.Release|x64.ActiveCfg = Release|Any CPU
		{4176915B-F117-4FE8-8249-7AC9960FBFAF}.Release|x64.Build.0 = Release|Any CPU
		{4176915B-F117-4FE8-8249-7AC9960FBFAF}.Release|x86.ActiveCfg = Release|Any CPU
		{4176915B-F117-4FE8-8249-7AC9960FBFAF}.Release|x86.Build.0 = Release|Any CPU
		{FF58B6BC-0698-4001-9ADF-B7364BDA190A}.Debug|Any CPU.ActiveCfg = Debug|Any CPU
		{FF58B6BC-0698-4001-9ADF-B7364BDA190A}.Debug|Any CPU.Build.0 = Debug|Any CPU
		{FF58B6BC-0698-4001-9ADF-B7364BDA190A}.Debug|x64.ActiveCfg = Debug|Any CPU
		{FF58B6BC-0698-4001-9ADF-B7364BDA190A}.Debug|x64.Build.0 = Debug|Any CPU
		{FF58B6BC-0698-4001-9ADF-B7364BDA190A}.Debug|x86.ActiveCfg = Debug|Any CPU
		{FF58B6BC-0698-4001-9ADF-B7364BDA190A}.Debug|x86.Build.0 = Debug|Any CPU
		{FF58B6BC-0698-4001-9ADF-B7364BDA190A}.Release|Any CPU.ActiveCfg = Release|Any CPU
		{FF58B6BC-0698-4001-9ADF-B7364BDA190A}.Release|Any CPU.Build.0 = Release|Any CPU
		{FF58B6BC-0698-4001-9ADF-B7364BDA190A}.Release|x64.ActiveCfg = Release|Any CPU
		{FF58B6BC-0698-4001-9ADF-B7364BDA190A}.Release|x64.Build.0 = Release|Any CPU
		{FF58B6BC-0698-4001-9ADF-B7364BDA190A}.Release|x86.ActiveCfg = Release|Any CPU
		{FF58B6BC-0698-4001-9ADF-B7364BDA190A}.Release|x86.Build.0 = Release|Any CPU
		{3AC3FA7F-378E-4CB1-A8A2-2FCEAFC74E83}.Debug|Any CPU.ActiveCfg = Debug|Any CPU
		{3AC3FA7F-378E-4CB1-A8A2-2FCEAFC74E83}.Debug|Any CPU.Build.0 = Debug|Any CPU
		{3AC3FA7F-378E-4CB1-A8A2-2FCEAFC74E83}.Debug|x64.ActiveCfg = Debug|Any CPU
		{3AC3FA7F-378E-4CB1-A8A2-2FCEAFC74E83}.Debug|x64.Build.0 = Debug|Any CPU
		{3AC3FA7F-378E-4CB1-A8A2-2FCEAFC74E83}.Debug|x86.ActiveCfg = Debug|Any CPU
		{3AC3FA7F-378E-4CB1-A8A2-2FCEAFC74E83}.Debug|x86.Build.0 = Debug|Any CPU
		{3AC3FA7F-378E-4CB1-A8A2-2FCEAFC74E83}.Release|Any CPU.ActiveCfg = Release|Any CPU
		{3AC3FA7F-378E-4CB1-A8A2-2FCEAFC74E83}.Release|Any CPU.Build.0 = Release|Any CPU
		{3AC3FA7F-378E-4CB1-A8A2-2FCEAFC74E83}.Release|x64.ActiveCfg = Release|Any CPU
		{3AC3FA7F-378E-4CB1-A8A2-2FCEAFC74E83}.Release|x64.Build.0 = Release|Any CPU
		{3AC3FA7F-378E-4CB1-A8A2-2FCEAFC74E83}.Release|x86.ActiveCfg = Release|Any CPU
		{3AC3FA7F-378E-4CB1-A8A2-2FCEAFC74E83}.Release|x86.Build.0 = Release|Any CPU
		{230E9954-CA55-4738-8BF9-9086A16C37F5}.Debug|Any CPU.ActiveCfg = Debug|Any CPU
		{230E9954-CA55-4738-8BF9-9086A16C37F5}.Debug|Any CPU.Build.0 = Debug|Any CPU
		{230E9954-CA55-4738-8BF9-9086A16C37F5}.Debug|x64.ActiveCfg = Debug|Any CPU
		{230E9954-CA55-4738-8BF9-9086A16C37F5}.Debug|x64.Build.0 = Debug|Any CPU
		{230E9954-CA55-4738-8BF9-9086A16C37F5}.Debug|x86.ActiveCfg = Debug|Any CPU
		{230E9954-CA55-4738-8BF9-9086A16C37F5}.Debug|x86.Build.0 = Debug|Any CPU
		{230E9954-CA55-4738-8BF9-9086A16C37F5}.Release|Any CPU.ActiveCfg = Release|Any CPU
		{230E9954-CA55-4738-8BF9-9086A16C37F5}.Release|Any CPU.Build.0 = Release|Any CPU
		{230E9954-CA55-4738-8BF9-9086A16C37F5}.Release|x64.ActiveCfg = Release|Any CPU
		{230E9954-CA55-4738-8BF9-9086A16C37F5}.Release|x64.Build.0 = Release|Any CPU
		{230E9954-CA55-4738-8BF9-9086A16C37F5}.Release|x86.ActiveCfg = Release|Any CPU
		{230E9954-CA55-4738-8BF9-9086A16C37F5}.Release|x86.Build.0 = Release|Any CPU
		{FB918FEA-E0AB-41FF-9270-7CFAD39B7EF7}.Debug|Any CPU.ActiveCfg = Debug|Any CPU
		{FB918FEA-E0AB-41FF-9270-7CFAD39B7EF7}.Debug|Any CPU.Build.0 = Debug|Any CPU
		{FB918FEA-E0AB-41FF-9270-7CFAD39B7EF7}.Debug|x64.ActiveCfg = Debug|Any CPU
		{FB918FEA-E0AB-41FF-9270-7CFAD39B7EF7}.Debug|x64.Build.0 = Debug|Any CPU
		{FB918FEA-E0AB-41FF-9270-7CFAD39B7EF7}.Debug|x86.ActiveCfg = Debug|Any CPU
		{FB918FEA-E0AB-41FF-9270-7CFAD39B7EF7}.Debug|x86.Build.0 = Debug|Any CPU
		{FB918FEA-E0AB-41FF-9270-7CFAD39B7EF7}.Release|Any CPU.ActiveCfg = Release|Any CPU
		{FB918FEA-E0AB-41FF-9270-7CFAD39B7EF7}.Release|Any CPU.Build.0 = Release|Any CPU
		{FB918FEA-E0AB-41FF-9270-7CFAD39B7EF7}.Release|x64.ActiveCfg = Release|Any CPU
		{FB918FEA-E0AB-41FF-9270-7CFAD39B7EF7}.Release|x64.Build.0 = Release|Any CPU
		{FB918FEA-E0AB-41FF-9270-7CFAD39B7EF7}.Release|x86.ActiveCfg = Release|Any CPU
		{FB918FEA-E0AB-41FF-9270-7CFAD39B7EF7}.Release|x86.Build.0 = Release|Any CPU
	EndGlobalSection
	GlobalSection(NestedProjects) = preSolution
		{8904A8F4-2FB0-4033-AFE2-275515E38DF5} = {DB9B1300-4BA3-4D85-A395-5624304929C2}
		{F8F491F0-8BFC-4E94-86ED-29D1C6E3A153} = {DB9B1300-4BA3-4D85-A395-5624304929C2}
		{4637D44E-D63C-4C70-948B-863B9A65B301} = {DB9B1300-4BA3-4D85-A395-5624304929C2}
		{4176915B-F117-4FE8-8249-7AC9960FBFAF} = {DB9B1300-4BA3-4D85-A395-5624304929C2}
		{FF58B6BC-0698-4001-9ADF-B7364BDA190A} = {DB9B1300-4BA3-4D85-A395-5624304929C2}
		{3AC3FA7F-378E-4CB1-A8A2-2FCEAFC74E83} = {DB9B1300-4BA3-4D85-A395-5624304929C2}
		{230E9954-CA55-4738-8BF9-9086A16C37F5} = {BD978A9F-08EF-4B05-8453-20A03DC89946}
		{FB918FEA-E0AB-41FF-9270-7CFAD39B7EF7} = {BB7152E8-430B-4A7A-ADC8-8FE24606DD8C}
	EndGlobalSection
EndGlobal
