
Microsoft Visual Studio Solution File, Format Version 12.00
# Visual Studio 15
VisualStudioVersion = 15.0.26124.0
MinimumVisualStudioVersion = 15.0.26124.0
Project("{FAE04EC0-301F-11D3-BF4B-00C04F79EFBC}") = "Shambala", "Shambala\Shambala.csproj", "{AECC2C83-AE13-4AD6-A500-33AF9E5A49EF}"
EndProject
Project("{FAE04EC0-301F-11D3-BF4B-00C04F79EFBC}") = "Shambala.Core", "Shambala.Core\Shambala.Core.csproj", "{5E3356E5-8151-4833-A1DC-9EE74B8813EA}"
EndProject
Project("{FAE04EC0-301F-11D3-BF4B-00C04F79EFBC}") = "Shambala.Domain", "Shambala.Domain\Shambala.Domain.csproj", "{A361F1BF-5512-474A-A705-2BB9A5B8C21D}"
EndProject
Project("{FAE04EC0-301F-11D3-BF4B-00C04F79EFBC}") = "Shambala.Infrastructure", "Shambala.Infrastructure\Shambala.Infrastructure.csproj", "{FFF4F07B-5C3A-464A-A730-F83394A72785}"
EndProject
Project("{FAE04EC0-301F-11D3-BF4B-00C04F79EFBC}") = "Shambala.Repository", "Shambala.Repository\Shambala.Repository.csproj", "{FC93A871-40B8-4BDB-9A20-0F9CD2D00FB6}"
EndProject
Project("{FAE04EC0-301F-11D3-BF4B-00C04F79EFBC}") = "Shambala.UnitOfWork", "Shambala.UnitOfWork\Shambala.UnitOfWork.csproj", "{FEC42FEB-C9E9-48EC-B629-4BC87EC6F6C7}"
EndProject
Project("{FAE04EC0-301F-11D3-BF4B-00C04F79EFBC}") = "Shambala.Service", "Shambala.Service\Shambala.Service.csproj", "{2BEC48FF-3FB1-4502-85D6-2596E9F26A7B}"
EndProject
Global
	GlobalSection(SolutionConfigurationPlatforms) = preSolution
		Debug|Any CPU = Debug|Any CPU
		Debug|x64 = Debug|x64
		Debug|x86 = Debug|x86
		Release|Any CPU = Release|Any CPU
		Release|x64 = Release|x64
		Release|x86 = Release|x86
	EndGlobalSection
	GlobalSection(SolutionProperties) = preSolution
		HideSolutionNode = FALSE
	EndGlobalSection
	GlobalSection(ProjectConfigurationPlatforms) = postSolution
		{AECC2C83-AE13-4AD6-A500-33AF9E5A49EF}.Debug|Any CPU.ActiveCfg = Debug|Any CPU
		{AECC2C83-AE13-4AD6-A500-33AF9E5A49EF}.Debug|Any CPU.Build.0 = Debug|Any CPU
		{AECC2C83-AE13-4AD6-A500-33AF9E5A49EF}.Debug|x64.ActiveCfg = Debug|Any CPU
		{AECC2C83-AE13-4AD6-A500-33AF9E5A49EF}.Debug|x64.Build.0 = Debug|Any CPU
		{AECC2C83-AE13-4AD6-A500-33AF9E5A49EF}.Debug|x86.ActiveCfg = Debug|Any CPU
		{AECC2C83-AE13-4AD6-A500-33AF9E5A49EF}.Debug|x86.Build.0 = Debug|Any CPU
		{AECC2C83-AE13-4AD6-A500-33AF9E5A49EF}.Release|Any CPU.ActiveCfg = Release|Any CPU
		{AECC2C83-AE13-4AD6-A500-33AF9E5A49EF}.Release|Any CPU.Build.0 = Release|Any CPU
		{AECC2C83-AE13-4AD6-A500-33AF9E5A49EF}.Release|x64.ActiveCfg = Release|Any CPU
		{AECC2C83-AE13-4AD6-A500-33AF9E5A49EF}.Release|x64.Build.0 = Release|Any CPU
		{AECC2C83-AE13-4AD6-A500-33AF9E5A49EF}.Release|x86.ActiveCfg = Release|Any CPU
		{AECC2C83-AE13-4AD6-A500-33AF9E5A49EF}.Release|x86.Build.0 = Release|Any CPU
		{5E3356E5-8151-4833-A1DC-9EE74B8813EA}.Debug|Any CPU.ActiveCfg = Debug|Any CPU
		{5E3356E5-8151-4833-A1DC-9EE74B8813EA}.Debug|Any CPU.Build.0 = Debug|Any CPU
		{5E3356E5-8151-4833-A1DC-9EE74B8813EA}.Debug|x64.ActiveCfg = Debug|Any CPU
		{5E3356E5-8151-4833-A1DC-9EE74B8813EA}.Debug|x64.Build.0 = Debug|Any CPU
		{5E3356E5-8151-4833-A1DC-9EE74B8813EA}.Debug|x86.ActiveCfg = Debug|Any CPU
		{5E3356E5-8151-4833-A1DC-9EE74B8813EA}.Debug|x86.Build.0 = Debug|Any CPU
		{5E3356E5-8151-4833-A1DC-9EE74B8813EA}.Release|Any CPU.ActiveCfg = Release|Any CPU
		{5E3356E5-8151-4833-A1DC-9EE74B8813EA}.Release|Any CPU.Build.0 = Release|Any CPU
		{5E3356E5-8151-4833-A1DC-9EE74B8813EA}.Release|x64.ActiveCfg = Release|Any CPU
		{5E3356E5-8151-4833-A1DC-9EE74B8813EA}.Release|x64.Build.0 = Release|Any CPU
		{5E3356E5-8151-4833-A1DC-9EE74B8813EA}.Release|x86.ActiveCfg = Release|Any CPU
		{5E3356E5-8151-4833-A1DC-9EE74B8813EA}.Release|x86.Build.0 = Release|Any CPU
		{A361F1BF-5512-474A-A705-2BB9A5B8C21D}.Debug|Any CPU.ActiveCfg = Debug|Any CPU
		{A361F1BF-5512-474A-A705-2BB9A5B8C21D}.Debug|Any CPU.Build.0 = Debug|Any CPU
		{A361F1BF-5512-474A-A705-2BB9A5B8C21D}.Debug|x64.ActiveCfg = Debug|Any CPU
		{A361F1BF-5512-474A-A705-2BB9A5B8C21D}.Debug|x64.Build.0 = Debug|Any CPU
		{A361F1BF-5512-474A-A705-2BB9A5B8C21D}.Debug|x86.ActiveCfg = Debug|Any CPU
		{A361F1BF-5512-474A-A705-2BB9A5B8C21D}.Debug|x86.Build.0 = Debug|Any CPU
		{A361F1BF-5512-474A-A705-2BB9A5B8C21D}.Release|Any CPU.ActiveCfg = Release|Any CPU
		{A361F1BF-5512-474A-A705-2BB9A5B8C21D}.Release|Any CPU.Build.0 = Release|Any CPU
		{A361F1BF-5512-474A-A705-2BB9A5B8C21D}.Release|x64.ActiveCfg = Release|Any CPU
		{A361F1BF-5512-474A-A705-2BB9A5B8C21D}.Release|x64.Build.0 = Release|Any CPU
		{A361F1BF-5512-474A-A705-2BB9A5B8C21D}.Release|x86.ActiveCfg = Release|Any CPU
		{A361F1BF-5512-474A-A705-2BB9A5B8C21D}.Release|x86.Build.0 = Release|Any CPU
		{FFF4F07B-5C3A-464A-A730-F83394A72785}.Debug|Any CPU.ActiveCfg = Debug|Any CPU
		{FFF4F07B-5C3A-464A-A730-F83394A72785}.Debug|Any CPU.Build.0 = Debug|Any CPU
		{FFF4F07B-5C3A-464A-A730-F83394A72785}.Debug|x64.ActiveCfg = Debug|Any CPU
		{FFF4F07B-5C3A-464A-A730-F83394A72785}.Debug|x64.Build.0 = Debug|Any CPU
		{FFF4F07B-5C3A-464A-A730-F83394A72785}.Debug|x86.ActiveCfg = Debug|Any CPU
		{FFF4F07B-5C3A-464A-A730-F83394A72785}.Debug|x86.Build.0 = Debug|Any CPU
		{FFF4F07B-5C3A-464A-A730-F83394A72785}.Release|Any CPU.ActiveCfg = Release|Any CPU
		{FFF4F07B-5C3A-464A-A730-F83394A72785}.Release|Any CPU.Build.0 = Release|Any CPU
		{FFF4F07B-5C3A-464A-A730-F83394A72785}.Release|x64.ActiveCfg = Release|Any CPU
		{FFF4F07B-5C3A-464A-A730-F83394A72785}.Release|x64.Build.0 = Release|Any CPU
		{FFF4F07B-5C3A-464A-A730-F83394A72785}.Release|x86.ActiveCfg = Release|Any CPU
		{FFF4F07B-5C3A-464A-A730-F83394A72785}.Release|x86.Build.0 = Release|Any CPU
		{FC93A871-40B8-4BDB-9A20-0F9CD2D00FB6}.Debug|Any CPU.ActiveCfg = Debug|Any CPU
		{FC93A871-40B8-4BDB-9A20-0F9CD2D00FB6}.Debug|Any CPU.Build.0 = Debug|Any CPU
		{FC93A871-40B8-4BDB-9A20-0F9CD2D00FB6}.Debug|x64.ActiveCfg = Debug|Any CPU
		{FC93A871-40B8-4BDB-9A20-0F9CD2D00FB6}.Debug|x64.Build.0 = Debug|Any CPU
		{FC93A871-40B8-4BDB-9A20-0F9CD2D00FB6}.Debug|x86.ActiveCfg = Debug|Any CPU
		{FC93A871-40B8-4BDB-9A20-0F9CD2D00FB6}.Debug|x86.Build.0 = Debug|Any CPU
		{FC93A871-40B8-4BDB-9A20-0F9CD2D00FB6}.Release|Any CPU.ActiveCfg = Release|Any CPU
		{FC93A871-40B8-4BDB-9A20-0F9CD2D00FB6}.Release|Any CPU.Build.0 = Release|Any CPU
		{FC93A871-40B8-4BDB-9A20-0F9CD2D00FB6}.Release|x64.ActiveCfg = Release|Any CPU
		{FC93A871-40B8-4BDB-9A20-0F9CD2D00FB6}.Release|x64.Build.0 = Release|Any CPU
		{FC93A871-40B8-4BDB-9A20-0F9CD2D00FB6}.Release|x86.ActiveCfg = Release|Any CPU
		{FC93A871-40B8-4BDB-9A20-0F9CD2D00FB6}.Release|x86.Build.0 = Release|Any CPU
		{FEC42FEB-C9E9-48EC-B629-4BC87EC6F6C7}.Debug|Any CPU.ActiveCfg = Debug|Any CPU
		{FEC42FEB-C9E9-48EC-B629-4BC87EC6F6C7}.Debug|Any CPU.Build.0 = Debug|Any CPU
		{FEC42FEB-C9E9-48EC-B629-4BC87EC6F6C7}.Debug|x64.ActiveCfg = Debug|Any CPU
		{FEC42FEB-C9E9-48EC-B629-4BC87EC6F6C7}.Debug|x64.Build.0 = Debug|Any CPU
		{FEC42FEB-C9E9-48EC-B629-4BC87EC6F6C7}.Debug|x86.ActiveCfg = Debug|Any CPU
		{FEC42FEB-C9E9-48EC-B629-4BC87EC6F6C7}.Debug|x86.Build.0 = Debug|Any CPU
		{FEC42FEB-C9E9-48EC-B629-4BC87EC6F6C7}.Release|Any CPU.ActiveCfg = Release|Any CPU
		{FEC42FEB-C9E9-48EC-B629-4BC87EC6F6C7}.Release|Any CPU.Build.0 = Release|Any CPU
		{FEC42FEB-C9E9-48EC-B629-4BC87EC6F6C7}.Release|x64.ActiveCfg = Release|Any CPU
		{FEC42FEB-C9E9-48EC-B629-4BC87EC6F6C7}.Release|x64.Build.0 = Release|Any CPU
		{FEC42FEB-C9E9-48EC-B629-4BC87EC6F6C7}.Release|x86.ActiveCfg = Release|Any CPU
		{FEC42FEB-C9E9-48EC-B629-4BC87EC6F6C7}.Release|x86.Build.0 = Release|Any CPU
		{2BEC48FF-3FB1-4502-85D6-2596E9F26A7B}.Debug|Any CPU.ActiveCfg = Debug|Any CPU
		{2BEC48FF-3FB1-4502-85D6-2596E9F26A7B}.Debug|Any CPU.Build.0 = Debug|Any CPU
		{2BEC48FF-3FB1-4502-85D6-2596E9F26A7B}.Debug|x64.ActiveCfg = Debug|Any CPU
		{2BEC48FF-3FB1-4502-85D6-2596E9F26A7B}.Debug|x64.Build.0 = Debug|Any CPU
		{2BEC48FF-3FB1-4502-85D6-2596E9F26A7B}.Debug|x86.ActiveCfg = Debug|Any CPU
		{2BEC48FF-3FB1-4502-85D6-2596E9F26A7B}.Debug|x86.Build.0 = Debug|Any CPU
		{2BEC48FF-3FB1-4502-85D6-2596E9F26A7B}.Release|Any CPU.ActiveCfg = Release|Any CPU
		{2BEC48FF-3FB1-4502-85D6-2596E9F26A7B}.Release|Any CPU.Build.0 = Release|Any CPU
		{2BEC48FF-3FB1-4502-85D6-2596E9F26A7B}.Release|x64.ActiveCfg = Release|Any CPU
		{2BEC48FF-3FB1-4502-85D6-2596E9F26A7B}.Release|x64.Build.0 = Release|Any CPU
		{2BEC48FF-3FB1-4502-85D6-2596E9F26A7B}.Release|x86.ActiveCfg = Release|Any CPU
		{2BEC48FF-3FB1-4502-85D6-2596E9F26A7B}.Release|x86.Build.0 = Release|Any CPU
	EndGlobalSection
EndGlobal
